
Microsoft Visual Studio Solution File, Format Version 12.00
# Visual Studio Version 17
VisualStudioVersion = 17.0.31903.59
MinimumVisualStudioVersion = 10.0.40219.1
Project("{FAE04EC0-301F-11D3-BF4B-00C04F79EFBC}") = "Averages", "Averages\Averages.csproj", "{F134F3E2-7CD2-44C7-A2DC-DBA0FE63A363}"
EndProject
Project("{FAE04EC0-301F-11D3-BF4B-00C04F79EFBC}") = "Averages.Tests", "Averages.Tests\Averages.Tests.csproj", "{CDE5D4E5-79B7-4F21-A953-D5C6CEE3A05C}"
EndProject
Global
	GlobalSection(SolutionConfigurationPlatforms) = preSolution
		Debug|Any CPU = Debug|Any CPU
		Release|Any CPU = Release|Any CPU
	EndGlobalSection
	GlobalSection(SolutionProperties) = preSolution
		HideSolutionNode = FALSE
	EndGlobalSection
	GlobalSection(ProjectConfigurationPlatforms) = postSolution
		{F134F3E2-7CD2-44C7-A2DC-DBA0FE63A363}.Debug|Any CPU.ActiveCfg = Debug|Any CPU
		{F134F3E2-7CD2-44C7-A2DC-DBA0FE63A363}.Debug|Any CPU.Build.0 = Debug|Any CPU
		{F134F3E2-7CD2-44C7-A2DC-DBA0FE63A363}.Release|Any CPU.ActiveCfg = Release|Any CPU
		{F134F3E2-7CD2-44C7-A2DC-DBA0FE63A363}.Release|Any CPU.Build.0 = Release|Any CPU
		{CDE5D4E5-79B7-4F21-A953-D5C6CEE3A05C}.Debug|Any CPU.ActiveCfg = Debug|Any CPU
		{CDE5D4E5-79B7-4F21-A953-D5C6CEE3A05C}.Debug|Any CPU.Build.0 = Debug|Any CPU
		{CDE5D4E5-79B7-4F21-A953-D5C6CEE3A05C}.Release|Any CPU.ActiveCfg = Release|Any CPU
		{CDE5D4E5-79B7-4F21-A953-D5C6CEE3A05C}.Release|Any CPU.Build.0 = Release|Any CPU
	EndGlobalSection
EndGlobal
